
Microsoft Visual Studio Solution File, Format Version 12.00
# Visual Studio Version 16
VisualStudioVersion = 16.0.31005.135
MinimumVisualStudioVersion = 10.0.40219.1
Project("{9A19103F-16F7-4668-BE54-9A1E7A4F7556}") = "Cadastrofilmes", "Cadastrofilmes.csproj", "{664DD7EB-FDF8-440C-B7A4-09F29A82C661}"
EndProject
Global
	GlobalSection(SolutionConfigurationPlatforms) = preSolution
		Debug|Any CPU = Debug|Any CPU
		Release|Any CPU = Release|Any CPU
	EndGlobalSection
	GlobalSection(ProjectConfigurationPlatforms) = postSolution
		{664DD7EB-FDF8-440C-B7A4-09F29A82C661}.Debug|Any CPU.ActiveCfg = Debug|Any CPU
		{664DD7EB-FDF8-440C-B7A4-09F29A82C661}.Debug|Any CPU.Build.0 = Debug|Any CPU
		{664DD7EB-FDF8-440C-B7A4-09F29A82C661}.Release|Any CPU.ActiveCfg = Release|Any CPU
		{664DD7EB-FDF8-440C-B7A4-09F29A82C661}.Release|Any CPU.Build.0 = Release|Any CPU
	EndGlobalSection
	GlobalSection(SolutionProperties) = preSolution
		HideSolutionNode = FALSE
	EndGlobalSection
	GlobalSection(ExtensibilityGlobals) = postSolution
		SolutionGuid = {3154E81E-0A8B-452D-BFF4-4CE077E6F305}
	EndGlobalSection
EndGlobal
